// !$*UTF8*$!
{
	archiveVersion = 1;
	classes = {
	};
	objectVersion = 46;
	objects = {

/* Begin PBXBuildFile section */
		F7D98F721CFEFA44002472FA /* AppDelegate.swift in Sources */ = {isa = PBXBuildFile; fileRef = F7D98F711CFEFA44002472FA /* AppDelegate.swift */; };
		F7D98F741CFEFA44002472FA /* ViewController.swift in Sources */ = {isa = PBXBuildFile; fileRef = F7D98F731CFEFA44002472FA /* ViewController.swift */; };
		F7D98F771CFEFA44002472FA /* Main.storyboard in Resources */ = {isa = PBXBuildFile; fileRef = F7D98F751CFEFA44002472FA /* Main.storyboard */; };
		F7D98F791CFEFA44002472FA /* Assets.xcassets in Resources */ = {isa = PBXBuildFile; fileRef = F7D98F781CFEFA44002472FA /* Assets.xcassets */; };
		F7D98F7C1CFEFA44002472FA /* LaunchScreen.storyboard in Resources */ = {isa = PBXBuildFile; fileRef = F7D98F7A1CFEFA44002472FA /* LaunchScreen.storyboard */; };
		F7D98F871CFEFA44002472FA /* getDemoTHTests.swift in Sources */ = {isa = PBXBuildFile; fileRef = F7D98F861CFEFA44002472FA /* getDemoTHTests.swift */; };
		F7D98F921CFEFA44002472FA /* getDemoTHUITests.swift in Sources */ = {isa = PBXBuildFile; fileRef = F7D98F911CFEFA44002472FA /* getDemoTHUITests.swift */; };
/* End PBXBuildFile section */

/* Begin PBXContainerItemProxy section */
		F7D98F831CFEFA44002472FA /* PBXContainerItemProxy */ = {
			isa = PBXContainerItemProxy;
			containerPortal = F7D98F661CFEFA44002472FA /* Project object */;
			proxyType = 1;
			remoteGlobalIDString = F7D98F6D1CFEFA44002472FA;
			remoteInfo = getDemoTH;
		};
		F7D98F8E1CFEFA44002472FA /* PBXContainerItemProxy */ = {
			isa = PBXContainerItemProxy;
			containerPortal = F7D98F661CFEFA44002472FA /* Project object */;
			proxyType = 1;
			remoteGlobalIDString = F7D98F6D1CFEFA44002472FA;
			remoteInfo = getDemoTH;
		};
/* End PBXContainerItemProxy section */

/* Begin PBXFileReference section */
		F7D98F6E1CFEFA44002472FA /* getDemoTH.app */ = {isa = PBXFileReference; explicitFileType = wrapper.application; includeInIndex = 0; path = getDemoTH.app; sourceTree = BUILT_PRODUCTS_DIR; };
		F7D98F711CFEFA44002472FA /* AppDelegate.swift */ = {isa = PBXFileReference; lastKnownFileType = sourcecode.swift; path = AppDelegate.swift; sourceTree = "<group>"; };
		F7D98F731CFEFA44002472FA /* ViewController.swift */ = {isa = PBXFileReference; lastKnownFileType = sourcecode.swift; path = ViewController.swift; sourceTree = "<group>"; };
		F7D98F761CFEFA44002472FA /* Base */ = {isa = PBXFileReference; lastKnownFileType = file.storyboard; name = Base; path = Base.lproj/Main.storyboard; sourceTree = "<group>"; };
		F7D98F781CFEFA44002472FA /* Assets.xcassets */ = {isa = PBXFileReference; lastKnownFileType = folder.assetcatalog; path = Assets.xcassets; sourceTree = "<group>"; };
		F7D98F7B1CFEFA44002472FA /* Base */ = {isa = PBXFileReference; lastKnownFileType = file.storyboard; name = Base; path = Base.lproj/LaunchScreen.storyboard; sourceTree = "<group>"; };
		F7D98F7D1CFEFA44002472FA /* Info.plist */ = {isa = PBXFileReference; lastKnownFileType = text.plist.xml; path = Info.plist; sourceTree = "<group>"; };
		F7D98F821CFEFA44002472FA /* getDemoTHTests.xctest */ = {isa = PBXFileReference; explicitFileType = wrapper.cfbundle; includeInIndex = 0; path = getDemoTHTests.xctest; sourceTree = BUILT_PRODUCTS_DIR; };
		F7D98F861CFEFA44002472FA /* getDemoTHTests.swift */ = {isa = PBXFileReference; lastKnownFileType = sourcecode.swift; path = getDemoTHTests.swift; sourceTree = "<group>"; };
		F7D98F881CFEFA44002472FA /* Info.plist */ = {isa = PBXFileReference; lastKnownFileType = text.plist.xml; path = Info.plist; sourceTree = "<group>"; };
		F7D98F8D1CFEFA44002472FA /* getDemoTHUITests.xctest */ = {isa = PBXFileReference; explicitFileType = wrapper.cfbundle; includeInIndex = 0; path = getDemoTHUITests.xctest; sourceTree = BUILT_PRODUCTS_DIR; };
		F7D98F911CFEFA44002472FA /* getDemoTHUITests.swift */ = {isa = PBXFileReference; lastKnownFileType = sourcecode.swift; path = getDemoTHUITests.swift; sourceTree = "<group>"; };
		F7D98F931CFEFA44002472FA /* Info.plist */ = {isa = PBXFileReference; lastKnownFileType = text.plist.xml; path = Info.plist; sourceTree = "<group>"; };
/* End PBXFileReference section */

/* Begin PBXFrameworksBuildPhase section */
		F7D98F6B1CFEFA44002472FA /* Frameworks */ = {
			isa = PBXFrameworksBuildPhase;
			buildActionMask = 2147483647;
			files = (
			);
			runOnlyForDeploymentPostprocessing = 0;
		};
		F7D98F7F1CFEFA44002472FA /* Frameworks */ = {
			isa = PBXFrameworksBuildPhase;
			buildActionMask = 2147483647;
			files = (
			);
			runOnlyForDeploymentPostprocessing = 0;
		};
		F7D98F8A1CFEFA44002472FA /* Frameworks */ = {
			isa = PBXFrameworksBuildPhase;
			buildActionMask = 2147483647;
			files = (
			);
			runOnlyForDeploymentPostprocessing = 0;
		};
/* End PBXFrameworksBuildPhase section */

/* Begin PBXGroup section */
		F7D98F651CFEFA44002472FA = {
			isa = PBXGroup;
			children = (
				F7D98F701CFEFA44002472FA /* getDemoTH */,
				F7D98F851CFEFA44002472FA /* getDemoTHTests */,
				F7D98F901CFEFA44002472FA /* getDemoTHUITests */,
				F7D98F6F1CFEFA44002472FA /* Products */,
			);
			sourceTree = "<group>";
		};
		F7D98F6F1CFEFA44002472FA /* Products */ = {
			isa = PBXGroup;
			children = (
				F7D98F6E1CFEFA44002472FA /* getDemoTH.app */,
				F7D98F821CFEFA44002472FA /* getDemoTHTests.xctest */,
				F7D98F8D1CFEFA44002472FA /* getDemoTHUITests.xctest */,
			);
			name = Products;
			sourceTree = "<group>";
		};
		F7D98F701CFEFA44002472FA /* getDemoTH */ = {
			isa = PBXGroup;
			children = (
				F7D98F711CFEFA44002472FA /* AppDelegate.swift */,
				F7D98F731CFEFA44002472FA /* ViewController.swift */,
				F7D98F751CFEFA44002472FA /* Main.storyboard */,
				F7D98F781CFEFA44002472FA /* Assets.xcassets */,
				F7D98F7A1CFEFA44002472FA /* LaunchScreen.storyboard */,
				F7D98F7D1CFEFA44002472FA /* Info.plist */,
			);
			path = getDemoTH;
			sourceTree = "<group>";
		};
		F7D98F851CFEFA44002472FA /* getDemoTHTests */ = {
			isa = PBXGroup;
			children = (
				F7D98F861CFEFA44002472FA /* getDemoTHTests.swift */,
				F7D98F881CFEFA44002472FA /* Info.plist */,
			);
			path = getDemoTHTests;
			sourceTree = "<group>";
		};
		F7D98F901CFEFA44002472FA /* getDemoTHUITests */ = {
			isa = PBXGroup;
			children = (
				F7D98F911CFEFA44002472FA /* getDemoTHUITests.swift */,
				F7D98F931CFEFA44002472FA /* Info.plist */,
			);
			path = getDemoTHUITests;
			sourceTree = "<group>";
		};
/* End PBXGroup section */

/* Begin PBXNativeTarget section */
		F7D98F6D1CFEFA44002472FA /* getDemoTH */ = {
			isa = PBXNativeTarget;
			buildConfigurationList = F7D98F961CFEFA44002472FA /* Build configuration list for PBXNativeTarget "getDemoTH" */;
			buildPhases = (
				F7D98F6A1CFEFA44002472FA /* Sources */,
				F7D98F6B1CFEFA44002472FA /* Frameworks */,
				F7D98F6C1CFEFA44002472FA /* Resources */,
			);
			buildRules = (
			);
			dependencies = (
			);
			name = getDemoTH;
			productName = getDemoTH;
			productReference = F7D98F6E1CFEFA44002472FA /* getDemoTH.app */;
			productType = "com.apple.product-type.application";
		};
		F7D98F811CFEFA44002472FA /* getDemoTHTests */ = {
			isa = PBXNativeTarget;
			buildConfigurationList = F7D98F991CFEFA44002472FA /* Build configuration list for PBXNativeTarget "getDemoTHTests" */;
			buildPhases = (
				F7D98F7E1CFEFA44002472FA /* Sources */,
				F7D98F7F1CFEFA44002472FA /* Frameworks */,
				F7D98F801CFEFA44002472FA /* Resources */,
			);
			buildRules = (
			);
			dependencies = (
				F7D98F841CFEFA44002472FA /* PBXTargetDependency */,
			);
			name = getDemoTHTests;
			productName = getDemoTHTests;
			productReference = F7D98F821CFEFA44002472FA /* getDemoTHTests.xctest */;
			productType = "com.apple.product-type.bundle.unit-test";
		};
		F7D98F8C1CFEFA44002472FA /* getDemoTHUITests */ = {
			isa = PBXNativeTarget;
			buildConfigurationList = F7D98F9C1CFEFA44002472FA /* Build configuration list for PBXNativeTarget "getDemoTHUITests" */;
			buildPhases = (
				F7D98F891CFEFA44002472FA /* Sources */,
				F7D98F8A1CFEFA44002472FA /* Frameworks */,
				F7D98F8B1CFEFA44002472FA /* Resources */,
			);
			buildRules = (
			);
			dependencies = (
				F7D98F8F1CFEFA44002472FA /* PBXTargetDependency */,
			);
			name = getDemoTHUITests;
			productName = getDemoTHUITests;
			productReference = F7D98F8D1CFEFA44002472FA /* getDemoTHUITests.xctest */;
			productType = "com.apple.product-type.bundle.ui-testing";
		};
/* End PBXNativeTarget section */

/* Begin PBXProject section */
		F7D98F661CFEFA44002472FA /* Project object */ = {
			isa = PBXProject;
			attributes = {
				LastSwiftUpdateCheck = 0730;
				LastUpgradeCheck = 0730;
				ORGANIZATIONNAME = WhiteWork;
				TargetAttributes = {
					F7D98F6D1CFEFA44002472FA = {
						CreatedOnToolsVersion = 7.3.1;
					};
					F7D98F811CFEFA44002472FA = {
						CreatedOnToolsVersion = 7.3.1;
						TestTargetID = F7D98F6D1CFEFA44002472FA;
					};
					F7D98F8C1CFEFA44002472FA = {
						CreatedOnToolsVersion = 7.3.1;
						TestTargetID = F7D98F6D1CFEFA44002472FA;
					};
				};
			};
			buildConfigurationList = F7D98F691CFEFA44002472FA /* Build configuration list for PBXProject "getDemoTH" */;
			compatibilityVersion = "Xcode 3.2";
			developmentRegion = English;
			hasScannedForEncodings = 0;
			knownRegions = (
				en,
				Base,
			);
			mainGroup = F7D98F651CFEFA44002472FA;
			productRefGroup = F7D98F6F1CFEFA44002472FA /* Products */;
			projectDirPath = "";
			projectRoot = "";
			targets = (
				F7D98F6D1CFEFA44002472FA /* getDemoTH */,
				F7D98F811CFEFA44002472FA /* getDemoTHTests */,
				F7D98F8C1CFEFA44002472FA /* getDemoTHUITests */,
			);
		};
/* End PBXProject section */

/* Begin PBXResourcesBuildPhase section */
		F7D98F6C1CFEFA44002472FA /* Resources */ = {
			isa = PBXResourcesBuildPhase;
			buildActionMask = 2147483647;
			files = (
				F7D98F7C1CFEFA44002472FA /* LaunchScreen.storyboard in Resources */,
				F7D98F791CFEFA44002472FA /* Assets.xcassets in Resources */,
				F7D98F771CFEFA44002472FA /* Main.storyboard in Resources */,
			);
			runOnlyForDeploymentPostprocessing = 0;
		};
		F7D98F801CFEFA44002472FA /* Resources */ = {
			isa = PBXResourcesBuildPhase;
			buildActionMask = 2147483647;
			files = (
			);
			runOnlyForDeploymentPostprocessing = 0;
		};
		F7D98F8B1CFEFA44002472FA /* Resources */ = {
			isa = PBXResourcesBuildPhase;
			buildActionMask = 2147483647;
			files = (
			);
			runOnlyForDeploymentPostprocessing = 0;
		};
/* End PBXResourcesBuildPhase section */

/* Begin PBXSourcesBuildPhase section */
		F7D98F6A1CFEFA44002472FA /* Sources */ = {
			isa = PBXSourcesBuildPhase;
			buildActionMask = 2147483647;
			files = (
				F7D98F741CFEFA44002472FA /* ViewController.swift in Sources */,
				F7D98F721CFEFA44002472FA /* AppDelegate.swift in Sources */,
			);
			runOnlyForDeploymentPostprocessing = 0;
		};
		F7D98F7E1CFEFA44002472FA /* Sources */ = {
			isa = PBXSourcesBuildPhase;
			buildActionMask = 2147483647;
			files = (
				F7D98F871CFEFA44002472FA /* getDemoTHTests.swift in Sources */,
			);
			runOnlyForDeploymentPostprocessing = 0;
		};
		F7D98F891CFEFA44002472FA /* Sources */ = {
			isa = PBXSourcesBuildPhase;
			buildActionMask = 2147483647;
			files = (
				F7D98F921CFEFA44002472FA /* getDemoTHUITests.swift in Sources */,
			);
			runOnlyForDeploymentPostprocessing = 0;
		};
/* End PBXSourcesBuildPhase section */

/* Begin PBXTargetDependency section */
		F7D98F841CFEFA44002472FA /* PBXTargetDependency */ = {
			isa = PBXTargetDependency;
			target = F7D98F6D1CFEFA44002472FA /* getDemoTH */;
			targetProxy = F7D98F831CFEFA44002472FA /* PBXContainerItemProxy */;
		};
		F7D98F8F1CFEFA44002472FA /* PBXTargetDependency */ = {
			isa = PBXTargetDependency;
			target = F7D98F6D1CFEFA44002472FA /* getDemoTH */;
			targetProxy = F7D98F8E1CFEFA44002472FA /* PBXContainerItemProxy */;
		};
/* End PBXTargetDependency section */

/* Begin PBXVariantGroup section */
		F7D98F751CFEFA44002472FA /* Main.storyboard */ = {
			isa = PBXVariantGroup;
			children = (
				F7D98F761CFEFA44002472FA /* Base */,
			);
			name = Main.storyboard;
			sourceTree = "<group>";
		};
		F7D98F7A1CFEFA44002472FA /* LaunchScreen.storyboard */ = {
			isa = PBXVariantGroup;
			children = (
				F7D98F7B1CFEFA44002472FA /* Base */,
			);
			name = LaunchScreen.storyboard;
			sourceTree = "<group>";
		};
/* End PBXVariantGroup section */

/* Begin XCBuildConfiguration section */
		F7D98F941CFEFA44002472FA /* Debug */ = {
			isa = XCBuildConfiguration;
			buildSettings = {
				ALWAYS_SEARCH_USER_PATHS = NO;
				CLANG_ANALYZER_NONNULL = YES;
				CLANG_CXX_LANGUAGE_STANDARD = "gnu++0x";
				CLANG_CXX_LIBRARY = "libc++";
				CLANG_ENABLE_MODULES = YES;
				CLANG_ENABLE_OBJC_ARC = YES;
				CLANG_WARN_BOOL_CONVERSION = YES;
				CLANG_WARN_CONSTANT_CONVERSION = YES;
				CLANG_WARN_DIRECT_OBJC_ISA_USAGE = YES_ERROR;
				CLANG_WARN_EMPTY_BODY = YES;
				CLANG_WARN_ENUM_CONVERSION = YES;
				CLANG_WARN_INT_CONVERSION = YES;
				CLANG_WARN_OBJC_ROOT_CLASS = YES_ERROR;
				CLANG_WARN_UNREACHABLE_CODE = YES;
				CLANG_WARN__DUPLICATE_METHOD_MATCH = YES;
				"CODE_SIGN_IDENTITY[sdk=iphoneos*]" = "iPhone Developer";
				COPY_PHASE_STRIP = NO;
				DEBUG_INFORMATION_FORMAT = dwarf;
				ENABLE_STRICT_OBJC_MSGSEND = YES;
				ENABLE_TESTABILITY = YES;
				GCC_C_LANGUAGE_STANDARD = gnu99;
				GCC_DYNAMIC_NO_PIC = NO;
				GCC_NO_COMMON_BLOCKS = YES;
				GCC_OPTIMIZATION_LEVEL = 0;
				GCC_PREPROCESSOR_DEFINITIONS = (
					"DEBUG=1",
					"$(inherited)",
				);
				GCC_WARN_64_TO_32_BIT_CONVERSION = YES;
				GCC_WARN_ABOUT_RETURN_TYPE = YES_ERROR;
				GCC_WARN_UNDECLARED_SELECTOR = YES;
				GCC_WARN_UNINITIALIZED_AUTOS = YES_AGGRESSIVE;
				GCC_WARN_UNUSED_FUNCTION = YES;
				GCC_WARN_UNUSED_VARIABLE = YES;
				IPHONEOS_DEPLOYMENT_TARGET = 9.3;
				MTL_ENABLE_DEBUG_INFO = YES;
				ONLY_ACTIVE_ARCH = YES;
				SDKROOT = iphoneos;
				SWIFT_OPTIMIZATION_LEVEL = "-Onone";
			};
			name = Debug;
		};
		F7D98F951CFEFA44002472FA /* Release */ = {
			isa = XCBuildConfiguration;
			buildSettings = {
				ALWAYS_SEARCH_USER_PATHS = NO;
				CLANG_ANALYZER_NONNULL = YES;
				CLANG_CXX_LANGUAGE_STANDARD = "gnu++0x";
				CLANG_CXX_LIBRARY = "libc++";
				CLANG_ENABLE_MODULES = YES;
				CLANG_ENABLE_OBJC_ARC = YES;
				CLANG_WARN_BOOL_CONVERSION = YES;
				CLANG_WARN_CONSTANT_CONVERSION = YES;
				CLANG_WARN_DIRECT_OBJC_ISA_USAGE = YES_ERROR;
				CLANG_WARN_EMPTY_BODY = YES;
				CLANG_WARN_ENUM_CONVERSION = YES;
				CLANG_WARN_INT_CONVERSION = YES;
				CLANG_WARN_OBJC_ROOT_CLASS = YES_ERROR;
				CLANG_WARN_UNREACHABLE_CODE = YES;
				CLANG_WARN__DUPLICATE_METHOD_MATCH = YES;
				"CODE_SIGN_IDENTITY[sdk=iphoneos*]" = "iPhone Developer";
				COPY_PHASE_STRIP = NO;
				DEBUG_INFORMATION_FORMAT = "dwarf-with-dsym";
				ENABLE_NS_ASSERTIONS = NO;
				ENABLE_STRICT_OBJC_MSGSEND = YES;
				GCC_C_LANGUAGE_STANDARD = gnu99;
				GCC_NO_COMMON_BLOCKS = YES;
				GCC_WARN_64_TO_32_BIT_CONVERSION = YES;
				GCC_WARN_ABOUT_RETURN_TYPE = YES_ERROR;
				GCC_WARN_UNDECLARED_SELECTOR = YES;
				GCC_WARN_UNINITIALIZED_AUTOS = YES_AGGRESSIVE;
				GCC_WARN_UNUSED_FUNCTION = YES;
				GCC_WARN_UNUSED_VARIABLE = YES;
				IPHONEOS_DEPLOYMENT_TARGET = 9.3;
				MTL_ENABLE_DEBUG_INFO = NO;
				SDKROOT = iphoneos;
				VALIDATE_PRODUCT = YES;
			};
			name = Release;
		};
		F7D98F971CFEFA44002472FA /* Debug */ = {
			isa = XCBuildConfiguration;
			buildSettings = {
				ASSETCATALOG_COMPILER_APPICON_NAME = AppIcon;
				INFOPLIST_FILE = getDemoTH/Info.plist;
				LD_RUNPATH_SEARCH_PATHS = "$(inherited) @executable_path/Frameworks";
				PRODUCT_BUNDLE_IDENTIFIER = com.whitework.getDemoTH;
				PRODUCT_NAME = "$(TARGET_NAME)";
			};
			name = Debug;
		};
		F7D98F981CFEFA44002472FA /* Release */ = {
			isa = XCBuildConfiguration;
			buildSettings = {
				ASSETCATALOG_COMPILER_APPICON_NAME = AppIcon;
				INFOPLIST_FILE = getDemoTH/Info.plist;
				LD_RUNPATH_SEARCH_PATHS = "$(inherited) @executable_path/Frameworks";
				PRODUCT_BUNDLE_IDENTIFIER = com.whitework.getDemoTH;
				PRODUCT_NAME = "$(TARGET_NAME)";
			};
			name = Release;
		};
		F7D98F9A1CFEFA44002472FA /* Debug */ = {
			isa = XCBuildConfiguration;
			buildSettings = {
				BUNDLE_LOADER = "$(TEST_HOST)";
				INFOPLIST_FILE = getDemoTHTests/Info.plist;
				LD_RUNPATH_SEARCH_PATHS = "$(inherited) @executable_path/Frameworks @loader_path/Frameworks";
				PRODUCT_BUNDLE_IDENTIFIER = com.whitework.getDemoTHTests;
				PRODUCT_NAME = "$(TARGET_NAME)";
				TEST_HOST = "$(BUILT_PRODUCTS_DIR)/getDemoTH.app/getDemoTH";
			};
			name = Debug;
		};
		F7D98F9B1CFEFA44002472FA /* Release */ = {
			isa = XCBuildConfiguration;
			buildSettings = {
				BUNDLE_LOADER = "$(TEST_HOST)";
				INFOPLIST_FILE = getDemoTHTests/Info.plist;
				LD_RUNPATH_SEARCH_PATHS = "$(inherited) @executable_path/Frameworks @loader_path/Frameworks";
				PRODUCT_BUNDLE_IDENTIFIER = com.whitework.getDemoTHTests;
				PRODUCT_NAME = "$(TARGET_NAME)";
				TEST_HOST = "$(BUILT_PRODUCTS_DIR)/getDemoTH.app/getDemoTH";
			};
			name = Release;
		};
		F7D98F9D1CFEFA44002472FA /* Debug */ = {
			isa = XCBuildConfiguration;
			buildSettings = {
				INFOPLIST_FILE = getDemoTHUITests/Info.plist;
				LD_RUNPATH_SEARCH_PATHS = "$(inherited) @executable_path/Frameworks @loader_path/Frameworks";
				PRODUCT_BUNDLE_IDENTIFIER = com.whitework.getDemoTHUITests;
				PRODUCT_NAME = "$(TARGET_NAME)";
				TEST_TARGET_NAME = getDemoTH;
			};
			name = Debug;
		};
		F7D98F9E1CFEFA44002472FA /* Release */ = {
			isa = XCBuildConfiguration;
			buildSettings = {
				INFOPLIST_FILE = getDemoTHUITests/Info.plist;
				LD_RUNPATH_SEARCH_PATHS = "$(inherited) @executable_path/Frameworks @loader_path/Frameworks";
				PRODUCT_BUNDLE_IDENTIFIER = com.whitework.getDemoTHUITests;
				PRODUCT_NAME = "$(TARGET_NAME)";
				TEST_TARGET_NAME = getDemoTH;
			};
			name = Release;
		};
/* End XCBuildConfiguration section */

/* Begin XCConfigurationList section */
		F7D98F691CFEFA44002472FA /* Build configuration list for PBXProject "getDemoTH" */ = {
			isa = XCConfigurationList;
			buildConfigurations = (
				F7D98F941CFEFA44002472FA /* Debug */,
				F7D98F951CFEFA44002472FA /* Release */,
			);
			defaultConfigurationIsVisible = 0;
			defaultConfigurationName = Release;
		};
		F7D98F961CFEFA44002472FA /* Build configuration list for PBXNativeTarget "getDemoTH" */ = {
			isa = XCConfigurationList;
			buildConfigurations = (
				F7D98F971CFEFA44002472FA /* Debug */,
				F7D98F981CFEFA44002472FA /* Release */,
			);
			defaultConfigurationIsVisible = 0;
		};
		F7D98F991CFEFA44002472FA /* Build configuration list for PBXNativeTarget "getDemoTHTests" */ = {
			isa = XCConfigurationList;
			buildConfigurations = (
				F7D98F9A1CFEFA44002472FA /* Debug */,
				F7D98F9B1CFEFA44002472FA /* Release */,
			);
			defaultConfigurationIsVisible = 0;
		};
		F7D98F9C1CFEFA44002472FA /* Build configuration list for PBXNativeTarget "getDemoTHUITests" */ = {
			isa = XCConfigurationList;
			buildConfigurations = (
				F7D98F9D1CFEFA44002472FA /* Debug */,
				F7D98F9E1CFEFA44002472FA /* Release */,
			);
			defaultConfigurationIsVisible = 0;
		};
/* End XCConfigurationList section */
	};
	rootObject = F7D98F661CFEFA44002472FA /* Project object */;
}
